// !$*UTF8*$!
{
	archiveVersion = 1;
	classes = {
	};
	objectVersion = 56;
	objects = {

/* Begin PBXBuildFile section */
		B6D506FD2CB8699500C4102B /* AppDelegate.swift in Sources */ = {isa = PBXBuildFile; fileRef = B6D506FC2CB8699500C4102B /* AppDelegate.swift */; };
		B6D506FF2CB8699500C4102B /* SceneDelegate.swift in Sources */ = {isa = PBXBuildFile; fileRef = B6D506FE2CB8699500C4102B /* SceneDelegate.swift */; };
		B6D507012CB8699500C4102B /* ViewController.swift in Sources */ = {isa = PBXBuildFile; fileRef = B6D507002CB8699500C4102B /* ViewController.swift */; };
		B6D507042CB8699500C4102B /* Base in Resources */ = {isa = PBXBuildFile; fileRef = B6D507032CB8699500C4102B /* Base */; };
		B6D507062CB8699700C4102B /* Assets.xcassets in Resources */ = {isa = PBXBuildFile; fileRef = B6D507052CB8699700C4102B /* Assets.xcassets */; };
		B6D507092CB8699700C4102B /* Base in Resources */ = {isa = PBXBuildFile; fileRef = B6D507082CB8699700C4102B /* Base */; };
		B6D507142CB8699800C4102B /* I_am_daddyTests.swift in Sources */ = {isa = PBXBuildFile; fileRef = B6D507132CB8699800C4102B /* I_am_daddyTests.swift */; };
		B6D5071E2CB8699800C4102B /* I_am_daddyUITests.swift in Sources */ = {isa = PBXBuildFile; fileRef = B6D5071D2CB8699800C4102B /* I_am_daddyUITests.swift */; };
		B6D507202CB8699800C4102B /* I_am_daddyUITestsLaunchTests.swift in Sources */ = {isa = PBXBuildFile; fileRef = B6D5071F2CB8699800C4102B /* I_am_daddyUITestsLaunchTests.swift */; };
/* End PBXBuildFile section */

/* Begin PBXContainerItemProxy section */
		B6D507102CB8699800C4102B /* PBXContainerItemProxy */ = {
			isa = PBXContainerItemProxy;
			containerPortal = B6D506F12CB8699500C4102B /* Project object */;
			proxyType = 1;
			remoteGlobalIDString = B6D506F82CB8699500C4102B;
			remoteInfo = "I am daddy";
		};
		B6D5071A2CB8699800C4102B /* PBXContainerItemProxy */ = {
			isa = PBXContainerItemProxy;
			containerPortal = B6D506F12CB8699500C4102B /* Project object */;
			proxyType = 1;
			remoteGlobalIDString = B6D506F82CB8699500C4102B;
			remoteInfo = "I am daddy";
		};
/* End PBXContainerItemProxy section */

/* Begin PBXFileReference section */
		B6D506F92CB8699500C4102B /* I am daddy.app */ = {isa = PBXFileReference; explicitFileType = wrapper.application; includeInIndex = 0; path = "I am daddy.app"; sourceTree = BUILT_PRODUCTS_DIR; };
		B6D506FC2CB8699500C4102B /* AppDelegate.swift */ = {isa = PBXFileReference; lastKnownFileType = sourcecode.swift; path = AppDelegate.swift; sourceTree = "<group>"; };
		B6D506FE2CB8699500C4102B /* SceneDelegate.swift */ = {isa = PBXFileReference; lastKnownFileType = sourcecode.swift; path = SceneDelegate.swift; sourceTree = "<group>"; };
		B6D507002CB8699500C4102B /* ViewController.swift */ = {isa = PBXFileReference; lastKnownFileType = sourcecode.swift; path = ViewController.swift; sourceTree = "<group>"; };
		B6D507032CB8699500C4102B /* Base */ = {isa = PBXFileReference; lastKnownFileType = file.storyboard; name = Base; path = Base.lproj/Main.storyboard; sourceTree = "<group>"; };
		B6D507052CB8699700C4102B /* Assets.xcassets */ = {isa = PBXFileReference; lastKnownFileType = folder.assetcatalog; path = Assets.xcassets; sourceTree = "<group>"; };
		B6D507082CB8699700C4102B /* Base */ = {isa = PBXFileReference; lastKnownFileType = file.storyboard; name = Base; path = Base.lproj/LaunchScreen.storyboard; sourceTree = "<group>"; };
		B6D5070A2CB8699700C4102B /* Info.plist */ = {isa = PBXFileReference; lastKnownFileType = text.plist.xml; path = Info.plist; sourceTree = "<group>"; };
		B6D5070F2CB8699800C4102B /* I am daddyTests.xctest */ = {isa = PBXFileReference; explicitFileType = wrapper.cfbundle; includeInIndex = 0; path = "I am daddyTests.xctest"; sourceTree = BUILT_PRODUCTS_DIR; };
		B6D507132CB8699800C4102B /* I_am_daddyTests.swift */ = {isa = PBXFileReference; lastKnownFileType = sourcecode.swift; path = I_am_daddyTests.swift; sourceTree = "<group>"; };
		B6D507192CB8699800C4102B /* I am daddyUITests.xctest */ = {isa = PBXFileReference; explicitFileType = wrapper.cfbundle; includeInIndex = 0; path = "I am daddyUITests.xctest"; sourceTree = BUILT_PRODUCTS_DIR; };
		B6D5071D2CB8699800C4102B /* I_am_daddyUITests.swift */ = {isa = PBXFileReference; lastKnownFileType = sourcecode.swift; path = I_am_daddyUITests.swift; sourceTree = "<group>"; };
		B6D5071F2CB8699800C4102B /* I_am_daddyUITestsLaunchTests.swift */ = {isa = PBXFileReference; lastKnownFileType = sourcecode.swift; path = I_am_daddyUITestsLaunchTests.swift; sourceTree = "<group>"; };
/* End PBXFileReference section */

/* Begin PBXFrameworksBuildPhase section */
		B6D506F62CB8699500C4102B /* Frameworks */ = {
			isa = PBXFrameworksBuildPhase;
			buildActionMask = 2147483647;
			files = (
			);
			runOnlyForDeploymentPostprocessing = 0;
		};
		B6D5070C2CB8699800C4102B /* Frameworks */ = {
			isa = PBXFrameworksBuildPhase;
			buildActionMask = 2147483647;
			files = (
			);
			runOnlyForDeploymentPostprocessing = 0;
		};
		B6D507162CB8699800C4102B /* Frameworks */ = {
			isa = PBXFrameworksBuildPhase;
			buildActionMask = 2147483647;
			files = (
			);
			runOnlyForDeploymentPostprocessing = 0;
		};
/* End PBXFrameworksBuildPhase section */

/* Begin PBXGroup section */
		B6D506F02CB8699500C4102B = {
			isa = PBXGroup;
			children = (
				B6D506FB2CB8699500C4102B /* I am daddy */,
				B6D507122CB8699800C4102B /* I am daddyTests */,
				B6D5071C2CB8699800C4102B /* I am daddyUITests */,
				B6D506FA2CB8699500C4102B /* Products */,
			);
			sourceTree = "<group>";
		};
		B6D506FA2CB8699500C4102B /* Products */ = {
			isa = PBXGroup;
			children = (
				B6D506F92CB8699500C4102B /* I am daddy.app */,
				B6D5070F2CB8699800C4102B /* I am daddyTests.xctest */,
				B6D507192CB8699800C4102B /* I am daddyUITests.xctest */,
			);
			name = Products;
			sourceTree = "<group>";
		};
		B6D506FB2CB8699500C4102B /* I am daddy */ = {
			isa = PBXGroup;
			children = (
				B6D506FC2CB8699500C4102B /* AppDelegate.swift */,
				B6D506FE2CB8699500C4102B /* SceneDelegate.swift */,
				B6D507002CB8699500C4102B /* ViewController.swift */,
				B6D507022CB8699500C4102B /* Main.storyboard */,
				B6D507052CB8699700C4102B /* Assets.xcassets */,
				B6D507072CB8699700C4102B /* LaunchScreen.storyboard */,
				B6D5070A2CB8699700C4102B /* Info.plist */,
			);
			path = "I am daddy";
			sourceTree = "<group>";
		};
		B6D507122CB8699800C4102B /* I am daddyTests */ = {
			isa = PBXGroup;
			children = (
				B6D507132CB8699800C4102B /* I_am_daddyTests.swift */,
			);
			path = "I am daddyTests";
			sourceTree = "<group>";
		};
		B6D5071C2CB8699800C4102B /* I am daddyUITests */ = {
			isa = PBXGroup;
			children = (
				B6D5071D2CB8699800C4102B /* I_am_daddyUITests.swift */,
				B6D5071F2CB8699800C4102B /* I_am_daddyUITestsLaunchTests.swift */,
			);
			path = "I am daddyUITests";
			sourceTree = "<group>";
		};
/* End PBXGroup section */

/* Begin PBXNativeTarget section */
		B6D506F82CB8699500C4102B /* I am daddy */ = {
			isa = PBXNativeTarget;
			buildConfigurationList = B6D507232CB8699800C4102B /* Build configuration list for PBXNativeTarget "I am daddy" */;
			buildPhases = (
				B6D506F52CB8699500C4102B /* Sources */,
				B6D506F62CB8699500C4102B /* Frameworks */,
				B6D506F72CB8699500C4102B /* Resources */,
			);
			buildRules = (
			);
			dependencies = (
			);
			name = "I am daddy";
			productName = "I am daddy";
			productReference = B6D506F92CB8699500C4102B /* I am daddy.app */;
			productType = "com.apple.product-type.application";
		};
		B6D5070E2CB8699800C4102B /* I am daddyTests */ = {
			isa = PBXNativeTarget;
			buildConfigurationList = B6D507262CB8699800C4102B /* Build configuration list for PBXNativeTarget "I am daddyTests" */;
			buildPhases = (
				B6D5070B2CB8699800C4102B /* Sources */,
				B6D5070C2CB8699800C4102B /* Frameworks */,
				B6D5070D2CB8699800C4102B /* Resources */,
			);
			buildRules = (
			);
			dependencies = (
				B6D507112CB8699800C4102B /* PBXTargetDependency */,
			);
			name = "I am daddyTests";
			productName = "I am daddyTests";
			productReference = B6D5070F2CB8699800C4102B /* I am daddyTests.xctest */;
			productType = "com.apple.product-type.bundle.unit-test";
		};
		B6D507182CB8699800C4102B /* I am daddyUITests */ = {
			isa = PBXNativeTarget;
			buildConfigurationList = B6D507292CB8699800C4102B /* Build configuration list for PBXNativeTarget "I am daddyUITests" */;
			buildPhases = (
				B6D507152CB8699800C4102B /* Sources */,
				B6D507162CB8699800C4102B /* Frameworks */,
				B6D507172CB8699800C4102B /* Resources */,
			);
			buildRules = (
			);
			dependencies = (
				B6D5071B2CB8699800C4102B /* PBXTargetDependency */,
			);
			name = "I am daddyUITests";
			productName = "I am daddyUITests";
			productReference = B6D507192CB8699800C4102B /* I am daddyUITests.xctest */;
			productType = "com.apple.product-type.bundle.ui-testing";
		};
/* End PBXNativeTarget section */

/* Begin PBXProject section */
		B6D506F12CB8699500C4102B /* Project object */ = {
			isa = PBXProject;
			attributes = {
				BuildIndependentTargetsInParallel = 1;
				LastSwiftUpdateCheck = 1540;
				LastUpgradeCheck = 1540;
				TargetAttributes = {
					B6D506F82CB8699500C4102B = {
						CreatedOnToolsVersion = 15.4;
					};
					B6D5070E2CB8699800C4102B = {
						CreatedOnToolsVersion = 15.4;
						TestTargetID = B6D506F82CB8699500C4102B;
					};
					B6D507182CB8699800C4102B = {
						CreatedOnToolsVersion = 15.4;
						TestTargetID = B6D506F82CB8699500C4102B;
					};
				};
			};
			buildConfigurationList = B6D506F42CB8699500C4102B /* Build configuration list for PBXProject "I am daddy" */;
			compatibilityVersion = "Xcode 14.0";
			developmentRegion = en;
			hasScannedForEncodings = 0;
			knownRegions = (
				en,
				Base,
			);
			mainGroup = B6D506F02CB8699500C4102B;
			productRefGroup = B6D506FA2CB8699500C4102B /* Products */;
			projectDirPath = "";
			projectRoot = "";
			targets = (
				B6D506F82CB8699500C4102B /* I am daddy */,
				B6D5070E2CB8699800C4102B /* I am daddyTests */,
				B6D507182CB8699800C4102B /* I am daddyUITests */,
			);
		};
/* End PBXProject section */

/* Begin PBXResourcesBuildPhase section */
		B6D506F72CB8699500C4102B /* Resources */ = {
			isa = PBXResourcesBuildPhase;
			buildActionMask = 2147483647;
			files = (
				B6D507062CB8699700C4102B /* Assets.xcassets in Resources */,
				B6D507092CB8699700C4102B /* Base in Resources */,
				B6D507042CB8699500C4102B /* Base in Resources */,
			);
			runOnlyForDeploymentPostprocessing = 0;
		};
		B6D5070D2CB8699800C4102B /* Resources */ = {
			isa = PBXResourcesBuildPhase;
			buildActionMask = 2147483647;
			files = (
			);
			runOnlyForDeploymentPostprocessing = 0;
		};
		B6D507172CB8699800C4102B /* Resources */ = {
			isa = PBXResourcesBuildPhase;
			buildActionMask = 2147483647;
			files = (
			);
			runOnlyForDeploymentPostprocessing = 0;
		};
/* End PBXResourcesBuildPhase section */

/* Begin PBXSourcesBuildPhase section */
		B6D506F52CB8699500C4102B /* Sources */ = {
			isa = PBXSourcesBuildPhase;
			buildActionMask = 2147483647;
			files = (
				B6D507012CB8699500C4102B /* ViewController.swift in Sources */,
				B6D506FD2CB8699500C4102B /* AppDelegate.swift in Sources */,
				B6D506FF2CB8699500C4102B /* SceneDelegate.swift in Sources */,
			);
			runOnlyForDeploymentPostprocessing = 0;
		};
		B6D5070B2CB8699800C4102B /* Sources */ = {
			isa = PBXSourcesBuildPhase;
			buildActionMask = 2147483647;
			files = (
				B6D507142CB8699800C4102B /* I_am_daddyTests.swift in Sources */,
			);
			runOnlyForDeploymentPostprocessing = 0;
		};
		B6D507152CB8699800C4102B /* Sources */ = {
			isa = PBXSourcesBuildPhase;
			buildActionMask = 2147483647;
			files = (
				B6D5071E2CB8699800C4102B /* I_am_daddyUITests.swift in Sources */,
				B6D507202CB8699800C4102B /* I_am_daddyUITestsLaunchTests.swift in Sources */,
			);
			runOnlyForDeploymentPostprocessing = 0;
		};
/* End PBXSourcesBuildPhase section */

/* Begin PBXTargetDependency section */
		B6D507112CB8699800C4102B /* PBXTargetDependency */ = {
			isa = PBXTargetDependency;
			target = B6D506F82CB8699500C4102B /* I am daddy */;
			targetProxy = B6D507102CB8699800C4102B /* PBXContainerItemProxy */;
		};
		B6D5071B2CB8699800C4102B /* PBXTargetDependency */ = {
			isa = PBXTargetDependency;
			target = B6D506F82CB8699500C4102B /* I am daddy */;
			targetProxy = B6D5071A2CB8699800C4102B /* PBXContainerItemProxy */;
		};
/* End PBXTargetDependency section */

/* Begin PBXVariantGroup section */
		B6D507022CB8699500C4102B /* Main.storyboard */ = {
			isa = PBXVariantGroup;
			children = (
				B6D507032CB8699500C4102B /* Base */,
			);
			name = Main.storyboard;
			sourceTree = "<group>";
		};
		B6D507072CB8699700C4102B /* LaunchScreen.storyboard */ = {
			isa = PBXVariantGroup;
			children = (
				B6D507082CB8699700C4102B /* Base */,
			);
			name = LaunchScreen.storyboard;
			sourceTree = "<group>";
		};
/* End PBXVariantGroup section */

/* Begin XCBuildConfiguration section */
		B6D507212CB8699800C4102B /* Debug */ = {
			isa = XCBuildConfiguration;
			buildSettings = {
				ALWAYS_SEARCH_USER_PATHS = NO;
				ASSETCATALOG_COMPILER_GENERATE_SWIFT_ASSET_SYMBOL_EXTENSIONS = YES;
				CLANG_ANALYZER_NONNULL = YES;
				CLANG_ANALYZER_NUMBER_OBJECT_CONVERSION = YES_AGGRESSIVE;
				CLANG_CXX_LANGUAGE_STANDARD = "gnu++20";
				CLANG_ENABLE_MODULES = YES;
				CLANG_ENABLE_OBJC_ARC = YES;
				CLANG_ENABLE_OBJC_WEAK = YES;
				CLANG_WARN_BLOCK_CAPTURE_AUTORELEASING = YES;
				CLANG_WARN_BOOL_CONVERSION = YES;
				CLANG_WARN_COMMA = YES;
				CLANG_WARN_CONSTANT_CONVERSION = YES;
				CLANG_WARN_DEPRECATED_OBJC_IMPLEMENTATIONS = YES;
				CLANG_WARN_DIRECT_OBJC_ISA_USAGE = YES_ERROR;
				CLANG_WARN_DOCUMENTATION_COMMENTS = YES;
				CLANG_WARN_EMPTY_BODY = YES;
				CLANG_WARN_ENUM_CONVERSION = YES;
				CLANG_WARN_INFINITE_RECURSION = YES;
				CLANG_WARN_INT_CONVERSION = YES;
				CLANG_WARN_NON_LITERAL_NULL_CONVERSION = YES;
				CLANG_WARN_OBJC_IMPLICIT_RETAIN_SELF = YES;
				CLANG_WARN_OBJC_LITERAL_CONVERSION = YES;
				CLANG_WARN_OBJC_ROOT_CLASS = YES_ERROR;
				CLANG_WARN_QUOTED_INCLUDE_IN_FRAMEWORK_HEADER = YES;
				CLANG_WARN_RANGE_LOOP_ANALYSIS = YES;
				CLANG_WARN_STRICT_PROTOTYPES = YES;
				CLANG_WARN_SUSPICIOUS_MOVE = YES;
				CLANG_WARN_UNGUARDED_AVAILABILITY = YES_AGGRESSIVE;
				CLANG_WARN_UNREACHABLE_CODE = YES;
				CLANG_WARN__DUPLICATE_METHOD_MATCH = YES;
				COPY_PHASE_STRIP = NO;
				DEBUG_INFORMATION_FORMAT = dwarf;
				ENABLE_STRICT_OBJC_MSGSEND = YES;
				ENABLE_TESTABILITY = YES;
				ENABLE_USER_SCRIPT_SANDBOXING = YES;
				GCC_C_LANGUAGE_STANDARD = gnu17;
				GCC_DYNAMIC_NO_PIC = NO;
				GCC_NO_COMMON_BLOCKS = YES;
				GCC_OPTIMIZATION_LEVEL = 0;
				GCC_PREPROCESSOR_DEFINITIONS = (
					"DEBUG=1",
					"$(inherited)",
				);
				GCC_WARN_64_TO_32_BIT_CONVERSION = YES;
				GCC_WARN_ABOUT_RETURN_TYPE = YES_ERROR;
				GCC_WARN_UNDECLARED_SELECTOR = YES;
				GCC_WARN_UNINITIALIZED_AUTOS = YES_AGGRESSIVE;
				GCC_WARN_UNUSED_FUNCTION = YES;
				GCC_WARN_UNUSED_VARIABLE = YES;
				IPHONEOS_DEPLOYMENT_TARGET = 17.5;
				LOCALIZATION_PREFERS_STRING_CATALOGS = YES;
				MTL_ENABLE_DEBUG_INFO = INCLUDE_SOURCE;
				MTL_FAST_MATH = YES;
				ONLY_ACTIVE_ARCH = YES;
				SDKROOT = iphoneos;
				SWIFT_ACTIVE_COMPILATION_CONDITIONS = "DEBUG $(inherited)";
				SWIFT_OPTIMIZATION_LEVEL = "-Onone";
			};
			name = Debug;
		};
		B6D507222CB8699800C4102B /* Release */ = {
			isa = XCBuildConfiguration;
			buildSettings = {
				ALWAYS_SEARCH_USER_PATHS = NO;
				ASSETCATALOG_COMPILER_GENERATE_SWIFT_ASSET_SYMBOL_EXTENSIONS = YES;
				CLANG_ANALYZER_NONNULL = YES;
				CLANG_ANALYZER_NUMBER_OBJECT_CONVERSION = YES_AGGRESSIVE;
				CLANG_CXX_LANGUAGE_STANDARD = "gnu++20";
				CLANG_ENABLE_MODULES = YES;
				CLANG_ENABLE_OBJC_ARC = YES;
				CLANG_ENABLE_OBJC_WEAK = YES;
				CLANG_WARN_BLOCK_CAPTURE_AUTORELEASING = YES;
				CLANG_WARN_BOOL_CONVERSION = YES;
				CLANG_WARN_COMMA = YES;
				CLANG_WARN_CONSTANT_CONVERSION = YES;
				CLANG_WARN_DEPRECATED_OBJC_IMPLEMENTATIONS = YES;
				CLANG_WARN_DIRECT_OBJC_ISA_USAGE = YES_ERROR;
				CLANG_WARN_DOCUMENTATION_COMMENTS = YES;
				CLANG_WARN_EMPTY_BODY = YES;
				CLANG_WARN_ENUM_CONVERSION = YES;
				CLANG_WARN_INFINITE_RECURSION = YES;
				CLANG_WARN_INT_CONVERSION = YES;
				CLANG_WARN_NON_LITERAL_NULL_CONVERSION = YES;
				CLANG_WARN_OBJC_IMPLICIT_RETAIN_SELF = YES;
				CLANG_WARN_OBJC_LITERAL_CONVERSION = YES;
				CLANG_WARN_OBJC_ROOT_CLASS = YES_ERROR;
				CLANG_WARN_QUOTED_INCLUDE_IN_FRAMEWORK_HEADER = YES;
				CLANG_WARN_RANGE_LOOP_ANALYSIS = YES;
				CLANG_WARN_STRICT_PROTOTYPES = YES;
				CLANG_WARN_SUSPICIOUS_MOVE = YES;
				CLANG_WARN_UNGUARDED_AVAILABILITY = YES_AGGRESSIVE;
				CLANG_WARN_UNREACHABLE_CODE = YES;
				CLANG_WARN__DUPLICATE_METHOD_MATCH = YES;
				COPY_PHASE_STRIP = NO;
				DEBUG_INFORMATION_FORMAT = "dwarf-with-dsym";
				ENABLE_NS_ASSERTIONS = NO;
				ENABLE_STRICT_OBJC_MSGSEND = YES;
				ENABLE_USER_SCRIPT_SANDBOXING = YES;
				GCC_C_LANGUAGE_STANDARD = gnu17;
				GCC_NO_COMMON_BLOCKS = YES;
				GCC_WARN_64_TO_32_BIT_CONVERSION = YES;
				GCC_WARN_ABOUT_RETURN_TYPE = YES_ERROR;
				GCC_WARN_UNDECLARED_SELECTOR = YES;
				GCC_WARN_UNINITIALIZED_AUTOS = YES_AGGRESSIVE;
				GCC_WARN_UNUSED_FUNCTION = YES;
				GCC_WARN_UNUSED_VARIABLE = YES;
				IPHONEOS_DEPLOYMENT_TARGET = 17.5;
				LOCALIZATION_PREFERS_STRING_CATALOGS = YES;
				MTL_ENABLE_DEBUG_INFO = NO;
				MTL_FAST_MATH = YES;
				SDKROOT = iphoneos;
				SWIFT_COMPILATION_MODE = wholemodule;
				VALIDATE_PRODUCT = YES;
			};
			name = Release;
		};
		B6D507242CB8699800C4102B /* Debug */ = {
			isa = XCBuildConfiguration;
			buildSettings = {
				ASSETCATALOG_COMPILER_APPICON_NAME = AppIcon;
				ASSETCATALOG_COMPILER_GLOBAL_ACCENT_COLOR_NAME = AccentColor;
				CODE_SIGN_STYLE = Automatic;
				CURRENT_PROJECT_VERSION = 1;
				DEVELOPMENT_TEAM = 84N6DHX2MD;
				GENERATE_INFOPLIST_FILE = YES;
				INFOPLIST_FILE = "I am daddy/Info.plist";
				INFOPLIST_KEY_UIApplicationSupportsIndirectInputEvents = YES;
				INFOPLIST_KEY_UILaunchStoryboardName = LaunchScreen;
				INFOPLIST_KEY_UIMainStoryboardFile = Main;
				INFOPLIST_KEY_UIStatusBarStyle = "";
				INFOPLIST_KEY_UISupportedInterfaceOrientations_iPad = "UIInterfaceOrientationPortrait UIInterfaceOrientationPortraitUpsideDown UIInterfaceOrientationLandscapeLeft UIInterfaceOrientationLandscapeRight";
				INFOPLIST_KEY_UISupportedInterfaceOrientations_iPhone = "UIInterfaceOrientationPortrait UIInterfaceOrientationLandscapeLeft UIInterfaceOrientationLandscapeRight";
				LD_RUNPATH_SEARCH_PATHS = (
					"$(inherited)",
					"@executable_path/Frameworks",
				);
				MARKETING_VERSION = 1.0;
				PRODUCT_BUNDLE_IDENTIFIER = "com.Alan.I-am-daddy";
				PRODUCT_NAME = "$(TARGET_NAME)";
				SUPPORTED_PLATFORMS = "iphoneos iphonesimulator";
				SUPPORTS_MACCATALYST = NO;
				SUPPORTS_MAC_DESIGNED_FOR_IPHONE_IPAD = NO;
				SUPPORTS_XR_DESIGNED_FOR_IPHONE_IPAD = NO;
				SWIFT_EMIT_LOC_STRINGS = YES;
				SWIFT_VERSION = 5.0;
				TARGETED_DEVICE_FAMILY = 1;
			};
			name = Debug;
		};
		B6D507252CB8699800C4102B /* Release */ = {
			isa = XCBuildConfiguration;
			buildSettings = {
				ASSETCATALOG_COMPILER_APPICON_NAME = AppIcon;
				ASSETCATALOG_COMPILER_GLOBAL_ACCENT_COLOR_NAME = AccentColor;
				CODE_SIGN_STYLE = Automatic;
				CURRENT_PROJECT_VERSION = 1;
				DEVELOPMENT_TEAM = 84N6DHX2MD;
				GENERATE_INFOPLIST_FILE = YES;
				INFOPLIST_FILE = "I am daddy/Info.plist";
				INFOPLIST_KEY_UIApplicationSupportsIndirectInputEvents = YES;
				INFOPLIST_KEY_UILaunchStoryboardName = LaunchScreen;
				INFOPLIST_KEY_UIMainStoryboardFile = Main;
				INFOPLIST_KEY_UIStatusBarStyle = "";
				INFOPLIST_KEY_UISupportedInterfaceOrientations_iPad = "UIInterfaceOrientationPortrait UIInterfaceOrientationPortraitUpsideDown UIInterfaceOrientationLandscapeLeft UIInterfaceOrientationLandscapeRight";
				INFOPLIST_KEY_UISupportedInterfaceOrientations_iPhone = "UIInterfaceOrientationPortrait UIInterfaceOrientationLandscapeLeft UIInterfaceOrientationLandscapeRight";
				LD_RUNPATH_SEARCH_PATHS = (
					"$(inherited)",
					"@executable_path/Frameworks",
				);
				MARKETING_VERSION = 1.0;
				PRODUCT_BUNDLE_IDENTIFIER = "com.Alan.I-am-daddy";
				PRODUCT_NAME = "$(TARGET_NAME)";
				SUPPORTED_PLATFORMS = "iphoneos iphonesimulator";
				SUPPORTS_MACCATALYST = NO;
				SUPPORTS_MAC_DESIGNED_FOR_IPHONE_IPAD = NO;
				SUPPORTS_XR_DESIGNED_FOR_IPHONE_IPAD = NO;
				SWIFT_EMIT_LOC_STRINGS = YES;
				SWIFT_VERSION = 5.0;
				TARGETED_DEVICE_FAMILY = 1;
			};
			name = Release;
		};
		B6D507272CB8699800C4102B /* Debug */ = {
			isa = XCBuildConfiguration;
			buildSettings = {
				ALWAYS_EMBED_SWIFT_STANDARD_LIBRARIES = YES;
				BUNDLE_LOADER = "$(TEST_HOST)";
				CODE_SIGN_STYLE = Automatic;
				CURRENT_PROJECT_VERSION = 1;
				GENERATE_INFOPLIST_FILE = YES;
				IPHONEOS_DEPLOYMENT_TARGET = 17.5;
				MARKETING_VERSION = 1.0;
				PRODUCT_BUNDLE_IDENTIFIER = "com.Alan.I-am-daddyTests";
				PRODUCT_NAME = "$(TARGET_NAME)";
				SWIFT_EMIT_LOC_STRINGS = NO;
				SWIFT_VERSION = 5.0;
				TARGETED_DEVICE_FAMILY = "1,2";
				TEST_HOST = "$(BUILT_PRODUCTS_DIR)/I am daddy.app/$(BUNDLE_EXECUTABLE_FOLDER_PATH)/I am daddy";
			};
			name = Debug;
		};
		B6D507282CB8699800C4102B /* Release */ = {
			isa = XCBuildConfiguration;
			buildSettings = {
				ALWAYS_EMBED_SWIFT_STANDARD_LIBRARIES = YES;
				BUNDLE_LOADER = "$(TEST_HOST)";
				CODE_SIGN_STYLE = Automatic;
				CURRENT_PROJECT_VERSION = 1;
				GENERATE_INFOPLIST_FILE = YES;
				IPHONEOS_DEPLOYMENT_TARGET = 17.5;
				MARKETING_VERSION = 1.0;
				PRODUCT_BUNDLE_IDENTIFIER = "com.Alan.I-am-daddyTests";
				PRODUCT_NAME = "$(TARGET_NAME)";
				SWIFT_EMIT_LOC_STRINGS = NO;
				SWIFT_VERSION = 5.0;
				TARGETED_DEVICE_FAMILY = "1,2";
				TEST_HOST = "$(BUILT_PRODUCTS_DIR)/I am daddy.app/$(BUNDLE_EXECUTABLE_FOLDER_PATH)/I am daddy";
			};
			name = Release;
		};
		B6D5072A2CB8699800C4102B /* Debug */ = {
			isa = XCBuildConfiguration;
			buildSettings = {
				ALWAYS_EMBED_SWIFT_STANDARD_LIBRARIES = YES;
				CODE_SIGN_STYLE = Automatic;
				CURRENT_PROJECT_VERSION = 1;
				GENERATE_INFOPLIST_FILE = YES;
				MARKETING_VERSION = 1.0;
				PRODUCT_BUNDLE_IDENTIFIER = "com.Alan.I-am-daddyUITests";
				PRODUCT_NAME = "$(TARGET_NAME)";
				SWIFT_EMIT_LOC_STRINGS = NO;
				SWIFT_VERSION = 5.0;
				TARGETED_DEVICE_FAMILY = "1,2";
				TEST_TARGET_NAME = "I am daddy";
			};
			name = Debug;
		};
		B6D5072B2CB8699800C4102B /* Release */ = {
			isa = XCBuildConfiguration;
			buildSettings = {
				ALWAYS_EMBED_SWIFT_STANDARD_LIBRARIES = YES;
				CODE_SIGN_STYLE = Automatic;
				CURRENT_PROJECT_VERSION = 1;
				GENERATE_INFOPLIST_FILE = YES;
				MARKETING_VERSION = 1.0;
				PRODUCT_BUNDLE_IDENTIFIER = "com.Alan.I-am-daddyUITests";
				PRODUCT_NAME = "$(TARGET_NAME)";
				SWIFT_EMIT_LOC_STRINGS = NO;
				SWIFT_VERSION = 5.0;
				TARGETED_DEVICE_FAMILY = "1,2";
				TEST_TARGET_NAME = "I am daddy";
			};
			name = Release;
		};
/* End XCBuildConfiguration section */

/* Begin XCConfigurationList section */
		B6D506F42CB8699500C4102B /* Build configuration list for PBXProject "I am daddy" */ = {
			isa = XCConfigurationList;
			buildConfigurations = (
				B6D507212CB8699800C4102B /* Debug */,
				B6D507222CB8699800C4102B /* Release */,
			);
			defaultConfigurationIsVisible = 0;
			defaultConfigurationName = Release;
		};
		B6D507232CB8699800C4102B /* Build configuration list for PBXNativeTarget "I am daddy" */ = {
			isa = XCConfigurationList;
			buildConfigurations = (
				B6D507242CB8699800C4102B /* Debug */,
				B6D507252CB8699800C4102B /* Release */,
			);
			defaultConfigurationIsVisible = 0;
			defaultConfigurationName = Release;
		};
		B6D507262CB8699800C4102B /* Build configuration list for PBXNativeTarget "I am daddyTests" */ = {
			isa = XCConfigurationList;
			buildConfigurations = (
				B6D507272CB8699800C4102B /* Debug */,
				B6D507282CB8699800C4102B /* Release */,
			);
			defaultConfigurationIsVisible = 0;
			defaultConfigurationName = Release;
		};
		B6D507292CB8699800C4102B /* Build configuration list for PBXNativeTarget "I am daddyUITests" */ = {
			isa = XCConfigurationList;
			buildConfigurations = (
				B6D5072A2CB8699800C4102B /* Debug */,
				B6D5072B2CB8699800C4102B /* Release */,
			);
			defaultConfigurationIsVisible = 0;
			defaultConfigurationName = Release;
		};
/* End XCConfigurationList section */
	};
	rootObject = B6D506F12CB8699500C4102B /* Project object */;
}
